<?xml version="1.0" encoding="utf-8"?>
<Project ToolsVersion="4.0" xmlns="http://schemas.microsoft.com/developer/msbuild/2003">
  <ItemGroup>
    <Filter Include="Source Files">
      <UniqueIdentifier>{4FC737F1-C7A5-4376-A066-2A32D752A2FF}</UniqueIdentifier>
      <Extensions>cpp;c;cc;cxx;def;odl;idl;hpj;bat;asm;asmx</Extensions>
    </Filter>
    <Filter Include="Header Files">
      <UniqueIdentifier>{93995380-89BD-4b04-88EB-625FBE52EBFB}</UniqueIdentifier>
      <Extensions>h;hh;hpp;hxx;hm;inl;inc;xsd</Extensions>
    </Filter>
    <Filter Include="Resource Files">
      <UniqueIdentifier>{67DA6AB6-F800-4c08-8B7A-83BB121AAD01}</UniqueIdentifier>
      <Extensions>rc;ico;cur;bmp;dlg;rc2;rct;bin;rgs;gif;jpg;jpeg;jpe;resx;tiff;tif;png;wav;mfcribbon-ms</Extensions>
    </Filter>
    <Filter Include="Header Files\Command">
      <UniqueIdentifier>{90785da4-e13b-48bb-b0a5-ab3f53326c2d}</UniqueIdentifier>
    </Filter>
    <Filter Include="Source Files\Command">
      <UniqueIdentifier>{86856646-5dd4-4fd1-bb7a-3fa981d84e6f}</UniqueIdentifier>
    </Filter>
    <Filter Include="Header Files\Utility">
      <UniqueIdentifier>{61497ead-e547-49b1-a1b1-fbe1c523c987}</UniqueIdentifier>
    </Filter>
    <Filter Include="Header Files\Element">
      <UniqueIdentifier>{818c54ab-c417-412e-92de-a4c6f367bb56}</UniqueIdentifier>
    </Filter>
    <Filter Include="Source Files\Utility">
      <UniqueIdentifier>{0433baf9-68b6-4eb6-ad53-191508043fe8}</UniqueIdentifier>
    </Filter>
    <Filter Include="Source Files\Element">
      <UniqueIdentifier>{fb73121e-c156-4e70-b556-4231bb1f3919}</UniqueIdentifier>
    </Filter>
  </ItemGroup>
  <ItemGroup>
    <ClCompile Include="S2VX.cpp">
      <Filter>Source Files</Filter>
    </ClCompile>
    <ClCompile Include="glad.c">
      <Filter>Source Files</Filter>
    </ClCompile>
    <ClCompile Include="stb_image.cpp">
      <Filter>Source Files</Filter>
    </ClCompile>
    <ClCompile Include="Display.cpp">
      <Filter>Source Files</Filter>
    </ClCompile>
    <ClCompile Include="Grid.cpp">
      <Filter>Source Files\Element</Filter>
    </ClCompile>
    <ClCompile Include="Command.cpp">
      <Filter>Source Files\Command</Filter>
    </ClCompile>
    <ClCompile Include="CommandsGrid.cpp">
      <Filter>Source Files\Command</Filter>
    </ClCompile>
    <ClCompile Include="Element.cpp">
      <Filter>Source Files\Element</Filter>
    </ClCompile>
    <ClCompile Include="Main.cpp">
      <Filter>Source Files</Filter>
    </ClCompile>
    <ClCompile Include="Scripting.cpp">
      <Filter>Source Files</Filter>
    </ClCompile>
    <ClCompile Include="Time.cpp">
      <Filter>Source Files\Utility</Filter>
    </ClCompile>
  </ItemGroup>
  <ItemGroup>
    <ClInclude Include="Display.hpp">
      <Filter>Header Files</Filter>
    </ClInclude>
    <ClInclude Include="Command.hpp">
      <Filter>Header Files\Command</Filter>
    </ClInclude>
    <ClInclude Include="Grid.hpp">
      <Filter>Header Files\Element</Filter>
    </ClInclude>
    <ClInclude Include="Element.hpp">
      <Filter>Header Files\Element</Filter>
    </ClInclude>
    <ClInclude Include="Time.hpp">
      <Filter>Header Files\Utility</Filter>
    </ClInclude>
    <ClInclude Include="CommandsGrid.hpp">
      <Filter>Header Files\Command</Filter>
    </ClInclude>
    <ClInclude Include="S2VX.hpp">
      <Filter>Header Files</Filter>
    </ClInclude>
    <ClInclude Include="Scripting.hpp">
      <Filter>Header Files</Filter>
    </ClInclude>
    <ClInclude Include="CommandType.hpp">
      <Filter>Header Files\Command</Filter>
    </ClInclude>
    <ClInclude Include="ElementType.hpp">
      <Filter>Header Files\Element</Filter>
    </ClInclude>
  </ItemGroup>
  <ItemGroup>
    <None Include="test.chai">
      <Filter>Resource Files</Filter>
    </None>
  </ItemGroup>
</Project>