<?xml version="1.0" encoding="utf-8"?>
<Project ToolsVersion="4.0" xmlns="http://schemas.microsoft.com/developer/msbuild/2003">
  <ItemGroup>
    <Filter Include="Source Files">
      <UniqueIdentifier>{4FC737F1-C7A5-4376-A066-2A32D752A2FF}</UniqueIdentifier>
      <Extensions>cpp;c;cc;cxx;def;odl;idl;hpj;bat;asm;asmx</Extensions>
    </Filter>
    <Filter Include="Header Files">
      <UniqueIdentifier>{93995380-89BD-4b04-88EB-625FBE52EBFB}</UniqueIdentifier>
      <Extensions>h;hh;hpp;hxx;hm;inl;inc;xsd</Extensions>
    </Filter>
    <Filter Include="Resource Files">
      <UniqueIdentifier>{67DA6AB6-F800-4c08-8B7A-83BB121AAD01}</UniqueIdentifier>
      <Extensions>rc;ico;cur;bmp;dlg;rc2;rct;bin;rgs;gif;jpg;jpeg;jpe;resx;tiff;tif;png;wav;mfcribbon-ms</Extensions>
    </Filter>
    <Filter Include="Header Files\Command">
      <UniqueIdentifier>{90785da4-e13b-48bb-b0a5-ab3f53326c2d}</UniqueIdentifier>
    </Filter>
    <Filter Include="Header Files\Utility">
      <UniqueIdentifier>{61497ead-e547-49b1-a1b1-fbe1c523c987}</UniqueIdentifier>
    </Filter>
    <Filter Include="Header Files\Element">
      <UniqueIdentifier>{818c54ab-c417-412e-92de-a4c6f367bb56}</UniqueIdentifier>
    </Filter>
    <Filter Include="Source Files\Utility">
      <UniqueIdentifier>{0433baf9-68b6-4eb6-ad53-191508043fe8}</UniqueIdentifier>
    </Filter>
    <Filter Include="Shaders">
      <UniqueIdentifier>{0704fd34-eaba-4a96-b598-6ed631764512}</UniqueIdentifier>
    </Filter>
    <Filter Include="Shaders\Vertex">
      <UniqueIdentifier>{e87cdf71-c185-4011-a8fa-561ba6cbd141}</UniqueIdentifier>
    </Filter>
    <Filter Include="Shaders\Fragment">
      <UniqueIdentifier>{24b67bce-ea67-4834-9453-b7aab7d6b9c7}</UniqueIdentifier>
    </Filter>
    <Filter Include="Source Files\Command">
      <UniqueIdentifier>{7cd53f27-560a-48f0-bfa3-a3f1c79c480a}</UniqueIdentifier>
    </Filter>
    <Filter Include="Source Files\Element">
      <UniqueIdentifier>{fb73121e-c156-4e70-b556-4231bb1f3919}</UniqueIdentifier>
    </Filter>
    <Filter Include="Header Files\Command\Back">
      <UniqueIdentifier>{1138cd55-ae13-47eb-8b4b-9d3c7a1d4415}</UniqueIdentifier>
    </Filter>
    <Filter Include="Header Files\Command\Camera">
      <UniqueIdentifier>{08614903-2dff-4752-af19-bfda646de761}</UniqueIdentifier>
    </Filter>
    <Filter Include="Header Files\Command\Cursor">
      <UniqueIdentifier>{91bdabb7-d340-4a0a-a461-db07c3e82e35}</UniqueIdentifier>
    </Filter>
    <Filter Include="Header Files\Command\Grid">
      <UniqueIdentifier>{e124f6b2-2cc7-4c49-a8bf-9b9885631f9c}</UniqueIdentifier>
    </Filter>
    <Filter Include="Header Files\Command\Sprite">
      <UniqueIdentifier>{63cb2a26-ff90-4d91-ad68-de7bdde791d9}</UniqueIdentifier>
    </Filter>
    <Filter Include="Source Files\Command\Back">
      <UniqueIdentifier>{3c2428e9-53a8-47db-a25c-01be1942f0e6}</UniqueIdentifier>
    </Filter>
    <Filter Include="Source Files\Command\Camera">
      <UniqueIdentifier>{b254c17b-9c13-40ec-a5a7-7003736c45be}</UniqueIdentifier>
    </Filter>
    <Filter Include="Source Files\Command\Cursor">
      <UniqueIdentifier>{c2f9024f-0c8a-49dd-8aa8-93f33cb6af09}</UniqueIdentifier>
    </Filter>
    <Filter Include="Source Files\Command\Grid">
      <UniqueIdentifier>{77213615-1e41-4c64-a61c-42de2f886eee}</UniqueIdentifier>
    </Filter>
    <Filter Include="Source Files\Command\Sprite">
      <UniqueIdentifier>{31bfa97e-dd0c-4212-8004-e5550809ce81}</UniqueIdentifier>
    </Filter>
    <Filter Include="Header Files\Element\Sprites">
      <UniqueIdentifier>{c3b76a30-d10f-443f-99d7-43bb3bc829f4}</UniqueIdentifier>
    </Filter>
    <Filter Include="Header Files\Element\Notes">
      <UniqueIdentifier>{ef630d01-6b34-492f-9c96-b2137f34dd54}</UniqueIdentifier>
    </Filter>
    <Filter Include="Source Files\Element\Notes">
      <UniqueIdentifier>{2c6d2b43-0feb-40ee-8581-806c3383fdcc}</UniqueIdentifier>
    </Filter>
    <Filter Include="Source Files\Element\Sprites">
      <UniqueIdentifier>{38045616-7c16-48ee-8261-fe7388426bdf}</UniqueIdentifier>
    </Filter>
  </ItemGroup>
  <ItemGroup>
    <ClCompile Include="S2VX.cpp">
      <Filter>Source Files</Filter>
    </ClCompile>
    <ClCompile Include="glad.c">
      <Filter>Source Files</Filter>
    </ClCompile>
    <ClCompile Include="stb_image.cpp">
      <Filter>Source Files</Filter>
    </ClCompile>
    <ClCompile Include="Display.cpp">
      <Filter>Source Files</Filter>
    </ClCompile>
    <ClCompile Include="Grid.cpp">
      <Filter>Source Files\Element</Filter>
    </ClCompile>
    <ClCompile Include="Element.cpp">
      <Filter>Source Files\Element</Filter>
    </ClCompile>
    <ClCompile Include="Main.cpp">
      <Filter>Source Files</Filter>
    </ClCompile>
    <ClCompile Include="Scripting.cpp">
      <Filter>Source Files</Filter>
    </ClCompile>
    <ClCompile Include="Time.cpp">
      <Filter>Source Files\Utility</Filter>
    </ClCompile>
    <ClCompile Include="Easing.cpp">
      <Filter>Source Files\Utility</Filter>
    </ClCompile>
    <ClCompile Include="Camera.cpp">
      <Filter>Source Files\Element</Filter>
    </ClCompile>
    <ClCompile Include="Elements.cpp">
      <Filter>Source Files\Element</Filter>
    </ClCompile>
    <ClCompile Include="Shader.cpp">
      <Filter>Source Files\Utility</Filter>
    </ClCompile>
    <ClCompile Include="Command.cpp">
      <Filter>Source Files\Command</Filter>
    </ClCompile>
    <ClCompile Include="Back.cpp">
      <Filter>Source Files\Element</Filter>
    </ClCompile>
    <ClCompile Include="RectanglePoints.cpp">
      <Filter>Source Files\Utility</Filter>
    </ClCompile>
    <ClCompile Include="CommandUniquePointerComparison.cpp">
      <Filter>Source Files\Command</Filter>
    </ClCompile>
    <ClCompile Include="BackColorCommand.cpp">
      <Filter>Source Files\Command\Back</Filter>
    </ClCompile>
    <ClCompile Include="BackCommand.cpp">
      <Filter>Source Files\Command\Back</Filter>
    </ClCompile>
    <ClCompile Include="CameraCommand.cpp">
      <Filter>Source Files\Command\Camera</Filter>
    </ClCompile>
    <ClCompile Include="CameraMoveCommand.cpp">
      <Filter>Source Files\Command\Camera</Filter>
    </ClCompile>
    <ClCompile Include="CameraRotateCommand.cpp">
      <Filter>Source Files\Command\Camera</Filter>
    </ClCompile>
    <ClCompile Include="CameraZoomCommand.cpp">
      <Filter>Source Files\Command\Camera</Filter>
    </ClCompile>
    <ClCompile Include="CursorCommand.cpp">
      <Filter>Source Files\Command\Cursor</Filter>
    </ClCompile>
    <ClCompile Include="GridColorCommand.cpp">
      <Filter>Source Files\Command\Grid</Filter>
    </ClCompile>
    <ClCompile Include="GridCommand.cpp">
      <Filter>Source Files\Command\Grid</Filter>
    </ClCompile>
    <ClCompile Include="GridFadeCommand.cpp">
      <Filter>Source Files\Command\Grid</Filter>
    </ClCompile>
    <ClCompile Include="GridFeatherCommand.cpp">
      <Filter>Source Files\Command\Grid</Filter>
    </ClCompile>
    <ClCompile Include="GridThicknessCommand.cpp">
      <Filter>Source Files\Command\Grid</Filter>
    </ClCompile>
    <ClCompile Include="SpriteColorCommand.cpp">
      <Filter>Source Files\Command\Sprite</Filter>
    </ClCompile>
    <ClCompile Include="SpriteCommand.cpp">
      <Filter>Source Files\Command\Sprite</Filter>
    </ClCompile>
    <ClCompile Include="SpriteFadeCommand.cpp">
      <Filter>Source Files\Command\Sprite</Filter>
    </ClCompile>
    <ClCompile Include="SpriteMoveCommand.cpp">
      <Filter>Source Files\Command\Sprite</Filter>
    </ClCompile>
    <ClCompile Include="SpriteRotateCommand.cpp">
      <Filter>Source Files\Command\Sprite</Filter>
    </ClCompile>
    <ClCompile Include="SpriteScaleCommand.cpp">
      <Filter>Source Files\Command\Sprite</Filter>
    </ClCompile>
    <ClCompile Include="Note.cpp">
      <Filter>Source Files\Element\Notes</Filter>
    </ClCompile>
    <ClCompile Include="NoteConfiguration.cpp">
      <Filter>Source Files\Element\Notes</Filter>
    </ClCompile>
    <ClCompile Include="Notes.cpp">
      <Filter>Source Files\Element\Notes</Filter>
    </ClCompile>
    <ClCompile Include="NoteUniquePointerComparison.cpp">
      <Filter>Source Files\Element\Notes</Filter>
    </ClCompile>
    <ClCompile Include="Sprites.cpp">
      <Filter>Source Files\Element\Sprites</Filter>
    </ClCompile>
    <ClCompile Include="Sprite.cpp">
      <Filter>Source Files\Element\Sprites</Filter>
    </ClCompile>
    <ClCompile Include="Texture.cpp">
      <Filter>Source Files\Element\Sprites</Filter>
    </ClCompile>
    <ClCompile Include="Cursor.cpp">
      <Filter>Source Files\Element</Filter>
    </ClCompile>
    <ClCompile Include="CursorColorCommand.cpp">
      <Filter>Source Files\Command\Cursor</Filter>
    </ClCompile>
    <ClCompile Include="CursorFadeCommand.cpp">
      <Filter>Source Files\Command\Cursor</Filter>
    </ClCompile>
    <ClCompile Include="CursorFeatherCommand.cpp">
      <Filter>Source Files\Command\Cursor</Filter>
    </ClCompile>
    <ClCompile Include="CursorScaleCommand.cpp">
      <Filter>Source Files\Command\Cursor</Filter>
    </ClCompile>
    <ClCompile Include="SpriteComparison.cpp">
      <Filter>Source Files\Element\Sprites</Filter>
    </ClCompile>
  </ItemGroup>
  <ItemGroup>
    <ClInclude Include="Display.hpp">
      <Filter>Header Files</Filter>
    </ClInclude>
    <ClInclude Include="Grid.hpp">
      <Filter>Header Files\Element</Filter>
    </ClInclude>
    <ClInclude Include="Element.hpp">
      <Filter>Header Files\Element</Filter>
    </ClInclude>
    <ClInclude Include="Time.hpp">
      <Filter>Header Files\Utility</Filter>
    </ClInclude>
    <ClInclude Include="S2VX.hpp">
      <Filter>Header Files</Filter>
    </ClInclude>
    <ClInclude Include="Scripting.hpp">
      <Filter>Header Files</Filter>
    </ClInclude>
    <ClInclude Include="Command.hpp">
      <Filter>Header Files\Command</Filter>
    </ClInclude>
    <ClInclude Include="Easing.hpp">
      <Filter>Header Files\Utility</Filter>
    </ClInclude>
    <ClInclude Include="EasingType.hpp">
      <Filter>Header Files\Utility</Filter>
    </ClInclude>
    <ClInclude Include="Camera.hpp">
      <Filter>Header Files\Element</Filter>
    </ClInclude>
    <ClInclude Include="Elements.hpp">
      <Filter>Header Files\Element</Filter>
    </ClInclude>
    <ClInclude Include="Shader.hpp">
      <Filter>Header Files\Utility</Filter>
    </ClInclude>
    <ClInclude Include="Back.hpp">
      <Filter>Header Files\Element</Filter>
    </ClInclude>
    <ClInclude Include="ScriptError.hpp">
      <Filter>Header Files\Utility</Filter>
    </ClInclude>
    <ClInclude Include="CircularQueue.hpp">
      <Filter>Header Files\Utility</Filter>
    </ClInclude>
    <ClInclude Include="Line.FragmentShader">
      <Filter>Shaders\Fragment</Filter>
    </ClInclude>
    <ClInclude Include="RectangleOrientation.hpp">
      <Filter>Header Files\Utility</Filter>
    </ClInclude>
    <ClInclude Include="RectanglePoints.hpp">
      <Filter>Header Files\Utility</Filter>
    </ClInclude>
    <ClInclude Include="Cursor.hpp">
      <Filter>Header Files\Element</Filter>
    </ClInclude>
    <ClInclude Include="BackColorCommand.hpp">
      <Filter>Header Files\Command\Back</Filter>
    </ClInclude>
    <ClInclude Include="BackCommand.hpp">
      <Filter>Header Files\Command\Back</Filter>
    </ClInclude>
    <ClInclude Include="CameraCommand.hpp">
      <Filter>Header Files\Command\Camera</Filter>
    </ClInclude>
    <ClInclude Include="CameraMoveCommand.hpp">
      <Filter>Header Files\Command\Camera</Filter>
    </ClInclude>
    <ClInclude Include="CameraRotateCommand.hpp">
      <Filter>Header Files\Command\Camera</Filter>
    </ClInclude>
    <ClInclude Include="CameraZoomCommand.hpp">
      <Filter>Header Files\Command\Camera</Filter>
    </ClInclude>
    <ClInclude Include="CursorCommand.hpp">
      <Filter>Header Files\Command\Cursor</Filter>
    </ClInclude>
    <ClInclude Include="GridColorCommand.hpp">
      <Filter>Header Files\Command\Grid</Filter>
    </ClInclude>
    <ClInclude Include="GridCommand.hpp">
      <Filter>Header Files\Command\Grid</Filter>
    </ClInclude>
    <ClInclude Include="GridFadeCommand.hpp">
      <Filter>Header Files\Command\Grid</Filter>
    </ClInclude>
    <ClInclude Include="GridFeatherCommand.hpp">
      <Filter>Header Files\Command\Grid</Filter>
    </ClInclude>
    <ClInclude Include="GridThicknessCommand.hpp">
      <Filter>Header Files\Command\Grid</Filter>
    </ClInclude>
    <ClInclude Include="CommandUniquePointerComparison.hpp">
      <Filter>Header Files\Command</Filter>
    </ClInclude>
    <ClInclude Include="SpriteColorCommand.hpp">
      <Filter>Header Files\Command\Sprite</Filter>
    </ClInclude>
    <ClInclude Include="SpriteCommand.hpp">
      <Filter>Header Files\Command\Sprite</Filter>
    </ClInclude>
    <ClInclude Include="SpriteFadeCommand.hpp">
      <Filter>Header Files\Command\Sprite</Filter>
    </ClInclude>
    <ClInclude Include="SpriteMoveCommand.hpp">
      <Filter>Header Files\Command\Sprite</Filter>
    </ClInclude>
    <ClInclude Include="SpriteRotateCommand.hpp">
      <Filter>Header Files\Command\Sprite</Filter>
    </ClInclude>
    <ClInclude Include="SpriteScaleCommand.hpp">
      <Filter>Header Files\Command\Sprite</Filter>
    </ClInclude>
    <ClInclude Include="Note.hpp">
      <Filter>Header Files\Element\Notes</Filter>
    </ClInclude>
    <ClInclude Include="NoteConfiguration.hpp">
      <Filter>Header Files\Element\Notes</Filter>
    </ClInclude>
    <ClInclude Include="Notes.hpp">
      <Filter>Header Files\Element\Notes</Filter>
    </ClInclude>
    <ClInclude Include="NoteUniquePointerComparison.hpp">
      <Filter>Header Files\Element\Notes</Filter>
    </ClInclude>
    <ClInclude Include="Sprite.hpp">
      <Filter>Header Files\Element\Sprites</Filter>
    </ClInclude>
    <ClInclude Include="Sprites.hpp">
      <Filter>Header Files\Element\Sprites</Filter>
    </ClInclude>
    <ClInclude Include="Texture.hpp">
      <Filter>Header Files\Element\Sprites</Filter>
    </ClInclude>
    <ClInclude Include="CursorColorCommand.hpp">
      <Filter>Header Files\Command\Cursor</Filter>
    </ClInclude>
    <ClInclude Include="CursorFadeCommand.hpp">
      <Filter>Header Files\Command\Cursor</Filter>
    </ClInclude>
    <ClInclude Include="CursorFeatherCommand.hpp">
      <Filter>Header Files\Command\Cursor</Filter>
    </ClInclude>
    <ClInclude Include="CursorScaleCommand.hpp">
      <Filter>Header Files\Command\Cursor</Filter>
    </ClInclude>
    <ClInclude Include="SpriteComparison.hpp">
      <Filter>Header Files\Element\Sprites</Filter>
    </ClInclude>
  </ItemGroup>
  <ItemGroup>
    <None Include="test.chai">
      <Filter>Resource Files</Filter>
    </None>
    <None Include="Image.FragmentShader">
      <Filter>Shaders\Fragment</Filter>
    </None>
    <None Include="Image.VertexShader">
      <Filter>Shaders\Vertex</Filter>
    </None>
    <None Include="Line.VertexShader">
      <Filter>Shaders\Vertex</Filter>
    </None>
    <None Include="Rectangle.VertexShader">
      <Filter>Shaders\Vertex</Filter>
    </None>
    <None Include="Rectangle.FragmentShader">
      <Filter>Shaders\Fragment</Filter>
    </None>
    <None Include="Cursor.VertexShader">
      <Filter>Shaders\Vertex</Filter>
    </None>
    <None Include="Cursor.FragmentShader">
      <Filter>Shaders\Fragment</Filter>
    </None>
  </ItemGroup>
  <ItemGroup>
    <Image Include="test.png">
      <Filter>Resource Files</Filter>
    </Image>
    <Image Include="testOpacity.png">
      <Filter>Resource Files</Filter>
    </Image>
  </ItemGroup>
</Project>